
Microsoft Visual Studio Solution File, Format Version 12.00
# Visual Studio Version 17
VisualStudioVersion = 17.5.33424.131
MinimumVisualStudioVersion = 10.0.40219.1
Project("{FAE04EC0-301F-11D3-BF4B-00C04F79EFBC}") = "LogFilesWatcher", "LogFilesWatcher.csproj", "{BB2A6849-5D53-4415-BDB4-B7D372A13005}"
EndProject
Global
	GlobalSection(SolutionConfigurationPlatforms) = preSolution
		Debug|Any CPU = Debug|Any CPU
		Release|Any CPU = Release|Any CPU
	EndGlobalSection
	GlobalSection(ProjectConfigurationPlatforms) = postSolution
		{BB2A6849-5D53-4415-BDB4-B7D372A13005}.Debug|Any CPU.ActiveCfg = Debug|Any CPU
		{BB2A6849-5D53-4415-BDB4-B7D372A13005}.Debug|Any CPU.Build.0 = Debug|Any CPU
		{BB2A6849-5D53-4415-BDB4-B7D372A13005}.Release|Any CPU.ActiveCfg = Release|Any CPU
		{BB2A6849-5D53-4415-BDB4-B7D372A13005}.Release|Any CPU.Build.0 = Release|Any CPU
	EndGlobalSection
	GlobalSection(SolutionProperties) = preSolution
		HideSolutionNode = FALSE
	EndGlobalSection
	GlobalSection(ExtensibilityGlobals) = postSolution
		SolutionGuid = {90C91FAD-6E9A-4359-A620-EC8D8D818FF9}
	EndGlobalSection
EndGlobal
